<?xml version="1.0" encoding="utf-8"?>
<Project ToolsVersion="4.0" xmlns="http://schemas.microsoft.com/developer/msbuild/2003">
  <ItemGroup>
    <Filter Include="Header">
      <UniqueIdentifier>{6f55f58d-3c24-4950-b95b-ad3124edfd61}</UniqueIdentifier>
    </Filter>
    <Filter Include="Source">
      <UniqueIdentifier>{1a62f7b6-6bea-4de3-ab43-c1b3fd70cb61}</UniqueIdentifier>
    </Filter>
    <Filter Include="Resources">
      <UniqueIdentifier>{fa8d7778-cc0f-4c1a-91d9-81c08cae1703}</UniqueIdentifier>
    </Filter>
    <Filter Include="Resources\Textures">
      <UniqueIdentifier>{8671a161-7f2a-4348-93a0-47c8dda29d40}</UniqueIdentifier>
    </Filter>
  </ItemGroup>
  <ItemGroup>
    <ClInclude Include="src\App.h">
      <Filter>Header</Filter>
    </ClInclude>
    <ClInclude Include="src\Shader.h">
      <Filter>Header</Filter>
    </ClInclude>
    <ClInclude Include="src\VertexBufferObject.h">
      <Filter>Header</Filter>
    </ClInclude>
    <ClInclude Include="src\ElementBufferObject.h">
      <Filter>Header</Filter>
    </ClInclude>
    <ClInclude Include="src\VertexArrayObject.h">
      <Filter>Header</Filter>
    </ClInclude>
    <ClInclude Include="src\VertexBufferLayout.h">
      <Filter>Header</Filter>
    </ClInclude>
    <ClInclude Include="src\Texture.h">
      <Filter>Header</Filter>
    </ClInclude>
    <ClInclude Include="vendor\includes\stb_image\stb_image.h">
      <Filter>Header</Filter>
    </ClInclude>
    <ClInclude Include="src\GameObject.h">
      <Filter>Header</Filter>
    </ClInclude>
    <ClInclude Include="src\MeshRenderer.h">
      <Filter>Header</Filter>
    </ClInclude>
    <ClInclude Include="src\Transform.h">
      <Filter>Header</Filter>
    </ClInclude>
    <ClInclude Include="Camera.h" />
    <ClInclude Include="src\Camera.h">
      <Filter>Header</Filter>
    </ClInclude>
    <ClInclude Include="src\Scene.h">
      <Filter>Header</Filter>
    </ClInclude>
    <ClInclude Include="src\OpenGL.h">
      <Filter>Header</Filter>
    </ClInclude>
    <ClInclude Include="src\Mesh.h">
      <Filter>Header</Filter>
    </ClInclude>
    <ClInclude Include="src\Light.h">
      <Filter>Header</Filter>
    </ClInclude>
  </ItemGroup>
  <ItemGroup>
    <ClCompile Include="src\Erudite.cpp">
      <Filter>Source</Filter>
    </ClCompile>
    <ClCompile Include="src\App.cpp">
      <Filter>Source</Filter>
    </ClCompile>
    <ClCompile Include="vendor\includes\glad\glad.c">
      <Filter>Source</Filter>
    </ClCompile>
    <ClCompile Include="src\Shader.cpp">
      <Filter>Source</Filter>
    </ClCompile>
    <ClCompile Include="src\VertexBufferObject.cpp">
      <Filter>Source</Filter>
    </ClCompile>
    <ClCompile Include="src\ElementBufferObject.cpp">
      <Filter>Source</Filter>
    </ClCompile>
    <ClCompile Include="src\VertexArrayObject.cpp">
      <Filter>Source</Filter>
    </ClCompile>
    <ClCompile Include="src\VertexBufferLayout.cpp">
      <Filter>Source</Filter>
    </ClCompile>
    <ClCompile Include="src\Texture.cpp">
      <Filter>Source</Filter>
    </ClCompile>
    <ClCompile Include="vendor\includes\stb_image\stb_image.cpp">
      <Filter>Source</Filter>
    </ClCompile>
    <ClCompile Include="src\GameObject.cpp">
      <Filter>Source</Filter>
    </ClCompile>
    <ClCompile Include="src\MeshRenderer.cpp">
      <Filter>Source</Filter>
    </ClCompile>
    <ClCompile Include="src\Transform.cpp">
      <Filter>Source</Filter>
    </ClCompile>
    <ClCompile Include="src\Camera.cpp">
      <Filter>Source</Filter>
    </ClCompile>
    <ClCompile Include="src\Scene.cpp">
      <Filter>Source</Filter>
    </ClCompile>
    <ClCompile Include="src\Mesh.cpp">
      <Filter>Source</Filter>
    </ClCompile>
    <ClCompile Include="src\OpenGL.cpp">
      <Filter>Source</Filter>
    </ClCompile>
    <ClCompile Include="src\Light.cpp">
      <Filter>Source</Filter>
    </ClCompile>
  </ItemGroup>
  <ItemGroup>
    <None Include="res\VertexShader.vert">
      <Filter>Resources</Filter>
    </None>
    <None Include="res\FragmentShader.frag">
      <Filter>Resources</Filter>
    </None>
  </ItemGroup>
  <ItemGroup>
    <Image Include="res\textures\snow-forest.jpg">
      <Filter>Resources\Textures</Filter>
    </Image>
    <Image Include="res\textures\default.png">
      <Filter>Resources\Textures</Filter>
    </Image>
    <Image Include="res\textures\000010806.jpg">
      <Filter>Resources\Textures</Filter>
    </Image>
    <Image Include="res\textures\2114387497_1ccd0bd73e.jpg">
      <Filter>Resources\Textures</Filter>
    </Image>
    <Image Include="res\textures\wood.png">
      <Filter>Resources\Textures</Filter>
    </Image>
  </ItemGroup>
</Project>